// !$*UTF8*$!
{
	archiveVersion = 1;
	classes = {
	};
	objectVersion = 56;
	objects = {

/* Begin PBXBuildFile section */
		1D92FB002C8E4B5E00F7EF96 /* TinnitusReliefApp.swift in Sources */ = {isa = PBXBuildFile; fileRef = 1D92FAFF2C8E4B5E00F7EF96 /* TinnitusReliefApp.swift */; };
		1D92FB022C8E4B5E00F7EF96 /* ContentView.swift in Sources */ = {isa = PBXBuildFile; fileRef = 1D92FB012C8E4B5E00F7EF96 /* ContentView.swift */; };
		1D92FB042C8E4B5F00F7EF96 /* Assets.xcassets in Resources */ = {isa = PBXBuildFile; fileRef = 1D92FB032C8E4B5F00F7EF96 /* Assets.xcassets */; };
		1D92FB072C8E4B5F00F7EF96 /* Preview Assets.xcassets in Resources */ = {isa = PBXBuildFile; fileRef = 1D92FB062C8E4B5F00F7EF96 /* Preview Assets.xcassets */; };
		1D92FB092C8E4B5F00F7EF96 /* Persistence.swift in Sources */ = {isa = PBXBuildFile; fileRef = 1D92FB082C8E4B5F00F7EF96 /* Persistence.swift */; };
		1D92FB0C2C8E4B5F00F7EF96 /* TinnitusRelief.xcdatamodeld in Sources */ = {isa = PBXBuildFile; fileRef = 1D92FB0A2C8E4B5F00F7EF96 /* TinnitusRelief.xcdatamodeld */; };
		1D92FB142C8E4C0000F7EF96 /* FrequencyMatchingView.swift in Sources */ = {isa = PBXBuildFile; fileRef = 1D92FB132C8E4C0000F7EF96 /* FrequencyMatchingView.swift */; };
		1D92FB162C8E4C0700F7EF96 /* FrequencyControlPoint.swift in Sources */ = {isa = PBXBuildFile; fileRef = 1D92FB152C8E4C0700F7EF96 /* FrequencyControlPoint.swift */; };
		1D92FB1C2C8E4C1E00F7EF96 /* UnifiedAudioEngineManager.swift in Sources */ = {isa = PBXBuildFile; fileRef = 1D92FB1B2C8E4C1E00F7EF96 /* UnifiedAudioEngineManager.swift */; };
		1D92FB1E2C8E4C2600F7EF96 /* FrequencyMatchingViewModel.swift in Sources */ = {isa = PBXBuildFile; fileRef = 1D92FB1D2C8E4C2600F7EF96 /* FrequencyMatchingViewModel.swift */; };
		1D92FB202C8E4C2D00F7EF96 /* DiaryViewModel.swift in Sources */ = {isa = PBXBuildFile; fileRef = 1D92FB1F2C8E4C2D00F7EF96 /* DiaryViewModel.swift */; };
		1D92FB242C8E4C3B00F7EF96 /* DiaryView.swift in Sources */ = {isa = PBXBuildFile; fileRef = 1D92FB232C8E4C3B00F7EF96 /* DiaryView.swift */; };
		1D92FB262C8E4C4200F7EF96 /* MainTabView.swift in Sources */ = {isa = PBXBuildFile; fileRef = 1D92FB252C8E4C4200F7EF96 /* MainTabView.swift */; };
		1D92FB2A2C8E4C5000F7EF96 /* HapticFeedback.swift in Sources */ = {isa = PBXBuildFile; fileRef = 1D92FB292C8E4C5000F7EF96 /* HapticFeedback.swift */; };
		1D92FB2C2C8E4C5700F7EF96 /* Color+Extensions.swift in Sources */ = {isa = PBXBuildFile; fileRef = 1D92FB2B2C8E4C5700F7EF96 /* Color+Extensions.swift */; };
		1D92FB2E2C8E4C5E00F7EF96 /* View+Extensions.swift in Sources */ = {isa = PBXBuildFile; fileRef = 1D92FB2D2C8E4C5E00F7EF96 /* View+Extensions.swift */; };
		1D92FB502C8E4D0000F7EF96 /* FrequencyController.swift in Sources */ = {isa = PBXBuildFile; fileRef = 1D92FB4F2C8E4D0000F7EF96 /* FrequencyController.swift */; };
/* End PBXBuildFile section */

/* Begin PBXFileReference section */
		1D92FAFC2C8E4B5E00F7EF96 /* TinnitusRelief.app */ = {isa = PBXFileReference; explicitFileType = wrapper.application; includeInIndex = 0; path = TinnitusRelief.app; sourceTree = BUILT_PRODUCTS_DIR; };
		1D92FAFF2C8E4B5E00F7EF96 /* TinnitusReliefApp.swift */ = {isa = PBXFileReference; lastKnownFileType = sourcecode.swift; path = TinnitusReliefApp.swift; sourceTree = "<group>"; };
		1D92FB012C8E4B5E00F7EF96 /* ContentView.swift */ = {isa = PBXFileReference; lastKnownFileType = sourcecode.swift; path = ContentView.swift; sourceTree = "<group>"; };
		1D92FB032C8E4B5F00F7EF96 /* Assets.xcassets */ = {isa = PBXFileReference; lastKnownFileType = folder.assetcatalog; path = Assets.xcassets; sourceTree = "<group>"; };
		1D92FB062C8E4B5F00F7EF96 /* Preview Assets.xcassets */ = {isa = PBXFileReference; lastKnownFileType = folder.assetcatalog; path = "Preview Assets.xcassets"; sourceTree = "<group>"; };
		1D92FB082C8E4B5F00F7EF96 /* Persistence.swift */ = {isa = PBXFileReference; lastKnownFileType = sourcecode.swift; path = Persistence.swift; sourceTree = "<group>"; };
		1D92FB0B2C8E4B5F00F7EF96 /* TinnitusRelief.xcdatamodel */ = {isa = PBXFileReference; lastKnownFileType = wrapper.xcdatamodel; path = TinnitusRelief.xcdatamodel; sourceTree = "<group>"; };
		1D92FB122C8E4BDC00F7EF96 /* Info.plist */ = {isa = PBXFileReference; lastKnownFileType = text.plist; path = Info.plist; sourceTree = "<group>"; };
		1D92FB132C8E4C0000F7EF96 /* FrequencyMatchingView.swift */ = {isa = PBXFileReference; lastKnownFileType = sourcecode.swift; path = FrequencyMatchingView.swift; sourceTree = "<group>"; };
		1D92FB152C8E4C0700F7EF96 /* FrequencyControlPoint.swift */ = {isa = PBXFileReference; lastKnownFileType = sourcecode.swift; path = FrequencyControlPoint.swift; sourceTree = "<group>"; };
		1D92FB1B2C8E4C1E00F7EF96 /* UnifiedAudioEngineManager.swift */ = {isa = PBXFileReference; lastKnownFileType = sourcecode.swift; path = UnifiedAudioEngineManager.swift; sourceTree = "<group>"; };
		1D92FB1D2C8E4C2600F7EF96 /* FrequencyMatchingViewModel.swift */ = {isa = PBXFileReference; lastKnownFileType = sourcecode.swift; path = FrequencyMatchingViewModel.swift; sourceTree = "<group>"; };
		1D92FB1F2C8E4C2D00F7EF96 /* DiaryViewModel.swift */ = {isa = PBXFileReference; lastKnownFileType = sourcecode.swift; path = DiaryViewModel.swift; sourceTree = "<group>"; };
		1D92FB232C8E4C3B00F7EF96 /* DiaryView.swift */ = {isa = PBXFileReference; lastKnownFileType = sourcecode.swift; path = DiaryView.swift; sourceTree = "<group>"; };
		1D92FB252C8E4C4200F7EF96 /* MainTabView.swift */ = {isa = PBXFileReference; lastKnownFileType = sourcecode.swift; path = MainTabView.swift; sourceTree = "<group>"; };
		1D92FB292C8E4C5000F7EF96 /* HapticFeedback.swift */ = {isa = PBXFileReference; lastKnownFileType = sourcecode.swift; path = HapticFeedback.swift; sourceTree = "<group>"; };
		1D92FB2B2C8E4C5700F7EF96 /* Color+Extensions.swift */ = {isa = PBXFileReference; lastKnownFileType = sourcecode.swift; path = "Color+Extensions.swift"; sourceTree = "<group>"; };
		1D92FB2D2C8E4C5E00F7EF96 /* View+Extensions.swift */ = {isa = PBXFileReference; lastKnownFileType = sourcecode.swift; path = "View+Extensions.swift"; sourceTree = "<group>"; };
		1D92FB4F2C8E4D0000F7EF96 /* FrequencyController.swift */ = {isa = PBXFileReference; lastKnownFileType = sourcecode.swift; path = FrequencyController.swift; sourceTree = "<group>"; };
/* End PBXFileReference section */

/* Begin PBXFrameworksBuildPhase section */
		1D92FAF92C8E4B5E00F7EF96 /* Frameworks */ = {
			isa = PBXFrameworksBuildPhase;
			buildActionMask = 2147483647;
			files = (
			);
			runOnlyForDeploymentPostprocessing = 0;
		};
/* End PBXFrameworksBuildPhase section */

/* Begin PBXGroup section */
		1D92FAF32C8E4B5E00F7EF96 = {
			isa = PBXGroup;
			children = (
				1D92FAFE2C8E4B5E00F7EF96 /* TinnitusRelief */,
				1D92FAFD2C8E4B5E00F7EF96 /* Products */,
			);
			sourceTree = "<group>";
		};
		1D92FAFD2C8E4B5E00F7EF96 /* Products */ = {
			isa = PBXGroup;
			children = (
				1D92FAFC2C8E4B5E00F7EF96 /* TinnitusRelief.app */,
			);
			name = Products;
			sourceTree = "<group>";
		};
		1D92FAFE2C8E4B5E00F7EF96 /* TinnitusRelief */ = {
			isa = PBXGroup;
			children = (
				1D92FB122C8E4BDC00F7EF96 /* Info.plist */,
				1D92FAFF2C8E4B5E00F7EF96 /* TinnitusReliefApp.swift */,
				1D92FB012C8E4B5E00F7EF96 /* ContentView.swift */,
				1D92FB302C8E4C7400F7EF96 /* Models */,
				1D92FB312C8E4C7A00F7EF96 /* Views */,
				1D92FB322C8E4C8000F7EF96 /* ViewModels */,
				1D92FB332C8E4C8600F7EF96 /* Services */,
				1D92FB342C8E4C8C00F7EF96 /* Utilities */,
				1D92FB352C8E4C9200F7EF96 /* Extensions */,
				1D92FB362C8E4C9800F7EF96 /* Resources */,
				1D92FB052C8E4B5F00F7EF96 /* Preview Content */,
			);
			path = TinnitusRelief;
			sourceTree = "<group>";
		};
		1D92FB052C8E4B5F00F7EF96 /* Preview Content */ = {
			isa = PBXGroup;
			children = (
				1D92FB062C8E4B5F00F7EF96 /* Preview Assets.xcassets */,
			);
			path = "Preview Content";
			sourceTree = "<group>";
		};
		1D92FB302C8E4C7400F7EF96 /* Models */ = {
			isa = PBXGroup;
			children = (
				1D92FB082C8E4B5F00F7EF96 /* Persistence.swift */,
				1D92FB0A2C8E4B5F00F7EF96 /* TinnitusRelief.xcdatamodeld */,
			);
			path = Models;
			sourceTree = "<group>";
		};
		1D92FB312C8E4C7A00F7EF96 /* Views */ = {
			isa = PBXGroup;
			children = (
				1D92FB372C8E4CA100F7EF96 /* FrequencyMatching */,
				1D92FB392C8E4CAE00F7EF96 /* Diary */,
				1D92FB3A2C8E4CB400F7EF96 /* Components */,
			);
			path = Views;
			sourceTree = "<group>";
		};
		1D92FB322C8E4C8000F7EF96 /* ViewModels */ = {
			isa = PBXGroup;
			children = (
				1D92FB1D2C8E4C2600F7EF96 /* FrequencyMatchingViewModel.swift */,
				1D92FB1F2C8E4C2D00F7EF96 /* DiaryViewModel.swift */,
			);
			path = ViewModels;
			sourceTree = "<group>";
		};
		1D92FB332C8E4C8600F7EF96 /* Services */ = {
			isa = PBXGroup;
			children = (
				1D92FB3B2C8E4CBB00F7EF96 /* AudioEngine */,
			);
			path = Services;
			sourceTree = "<group>";
		};
		1D92FB342C8E4C8C00F7EF96 /* Utilities */ = {
			isa = PBXGroup;
			children = (
				1D92FB292C8E4C5000F7EF96 /* HapticFeedback.swift */,
			);
			path = Utilities;
			sourceTree = "<group>";
		};
		1D92FB352C8E4C9200F7EF96 /* Extensions */ = {
			isa = PBXGroup;
			children = (
				1D92FB2B2C8E4C5700F7EF96 /* Color+Extensions.swift */,
				1D92FB2D2C8E4C5E00F7EF96 /* View+Extensions.swift */,
			);
			path = Extensions;
			sourceTree = "<group>";
		};
		1D92FB362C8E4C9800F7EF96 /* Resources */ = {
			isa = PBXGroup;
			children = (
				1D92FB032C8E4B5F00F7EF96 /* Assets.xcassets */,
			);
			path = Resources;
			sourceTree = "<group>";
		};
		1D92FB372C8E4CA100F7EF96 /* FrequencyMatching */ = {
			isa = PBXGroup;
			children = (
				1D92FB132C8E4C0000F7EF96 /* FrequencyMatchingView.swift */,
				1D92FB152C8E4C0700F7EF96 /* FrequencyControlPoint.swift */,
			);
			path = FrequencyMatching;
			sourceTree = "<group>";
		};
		1D92FB392C8E4CAE00F7EF96 /* Diary */ = {
			isa = PBXGroup;
			children = (
				1D92FB232C8E4C3B00F7EF96 /* DiaryView.swift */,
			);
			path = Diary;
			sourceTree = "<group>";
		};
		1D92FB3A2C8E4CB400F7EF96 /* Components */ = {
			isa = PBXGroup;
			children = (
				1D92FB252C8E4C4200F7EF96 /* MainTabView.swift */,
				1D92FB4F2C8E4D0000F7EF96 /* FrequencyController.swift */,
			);
			path = Components;
			sourceTree = "<group>";
		};
		1D92FB3B2C8E4CBB00F7EF96 /* AudioEngine */ = {
			isa = PBXGroup;
			children = (
				1D92FB1B2C8E4C1E00F7EF96 /* UnifiedAudioEngineManager.swift */,
			);
			path = AudioEngine;
			sourceTree = "<group>";
		};
/* End PBXGroup section */

/* Begin PBXNativeTarget section */
		1D92FAFB2C8E4B5E00F7EF96 /* TinnitusRelief */ = {
			isa = PBXNativeTarget;
			buildConfigurationList = 1D92FB0F2C8E4B5F00F7EF96 /* Build configuration list for PBXNativeTarget "TinnitusRelief" */;
			buildPhases = (
				1D92FAF82C8E4B5E00F7EF96 /* Sources */,
				1D92FAF92C8E4B5E00F7EF96 /* Frameworks */,
				1D92FAFA2C8E4B5E00F7EF96 /* Resources */,
			);
			buildRules = (
			);
			dependencies = (
			);
			name = TinnitusRelief;
			productName = TinnitusRelief;
			productReference = 1D92FAFC2C8E4B5E00F7EF96 /* TinnitusRelief.app */;
			productType = "com.apple.product-type.application";
		};
/* End PBXNativeTarget section */

/* Begin PBXProject section */
		1D92FAF42C8E4B5E00F7EF96 /* Project object */ = {
			isa = PBXProject;
			attributes = {
				BuildIndependentTargetsInParallel = 1;
				LastSwiftUpdateCheck = 1500;
				LastUpgradeCheck = 1500;
				TargetAttributes = {
					1D92FAFB2C8E4B5E00F7EF96 = {
						CreatedOnToolsVersion = 15.0;
					};
				};
			};
			buildConfigurationList = 1D92FAF72C8E4B5E00F7EF96 /* Build configuration list for PBXProject "TinnitusRelief" */;
			compatibilityVersion = "Xcode 14.0";
			developmentRegion = en;
			hasScannedForEncodings = 0;
			knownRegions = (
				en,
				Base,
			);
			mainGroup = 1D92FAF32C8E4B5E00F7EF96;
			productRefGroup = 1D92FAFD2C8E4B5E00F7EF96 /* Products */;
			projectDirPath = "";
			projectRoot = "";
			targets = (
				1D92FAFB2C8E4B5E00F7EF96 /* TinnitusRelief */,
			);
		};
/* End PBXProject section */

/* Begin PBXResourcesBuildPhase section */
		1D92FAFA2C8E4B5E00F7EF96 /* Resources */ = {
			isa = PBXResourcesBuildPhase;
			buildActionMask = 2147483647;
			files = (
				1D92FB072C8E4B5F00F7EF96 /* Preview Assets.xcassets in Resources */,
				1D92FB042C8E4B5F00F7EF96 /* Assets.xcassets in Resources */,
			);
			runOnlyForDeploymentPostprocessing = 0;
		};
/* End PBXResourcesBuildPhase section */

/* Begin PBXSourcesBuildPhase section */
		1D92FAF82C8E4B5E00F7EF96 /* Sources */ = {
			isa = PBXSourcesBuildPhase;
			buildActionMask = 2147483647;
			files = (
				1D92FB092C8E4B5F00F7EF96 /* Persistence.swift in Sources */,
				1D92FB022C8E4B5E00F7EF96 /* ContentView.swift in Sources */,
				1D92FB2A2C8E4C5000F7EF96 /* HapticFeedback.swift in Sources */,
				1D92FB242C8E4C3B00F7EF96 /* DiaryView.swift in Sources */,
				1D92FB2C2C8E4C5700F7EF96 /* Color+Extensions.swift in Sources */,
				1D92FB002C8E4B5E00F7EF96 /* TinnitusReliefApp.swift in Sources */,
				1D92FB1C2C8E4C1E00F7EF96 /* UnifiedAudioEngineManager.swift in Sources */,
				1D92FB0C2C8E4B5F00F7EF96 /* TinnitusRelief.xcdatamodeld in Sources */,
				1D92FB142C8E4C0000F7EF96 /* FrequencyMatchingView.swift in Sources */,
				1D92FB202C8E4C2D00F7EF96 /* DiaryViewModel.swift in Sources */,
				1D92FB162C8E4C0700F7EF96 /* FrequencyControlPoint.swift in Sources */,
				1D92FB262C8E4C4200F7EF96 /* MainTabView.swift in Sources */,
				1D92FB1E2C8E4C2600F7EF96 /* FrequencyMatchingViewModel.swift in Sources */,
				1D92FB2E2C8E4C5E00F7EF96 /* View+Extensions.swift in Sources */,
				1D92FB502C8E4D0000F7EF96 /* FrequencyController.swift in Sources */,
			);
			runOnlyForDeploymentPostprocessing = 0;
		};
/* End PBXSourcesBuildPhase section */

/* Begin XCBuildConfiguration section */
		1D92FB0D2C8E4B5F00F7EF96 /* Debug */ = {
			isa = XCBuildConfiguration;
			buildSettings = {
				ALWAYS_SEARCH_USER_PATHS = NO;
				ASSETCATALOG_COMPILER_GENERATE_SWIFT_ASSET_SYMBOL_EXTENSIONS = YES;
				CLANG_ANALYZER_NONNULL = YES;
				CLANG_ANALYZER_NUMBER_OBJECT_CONVERSION = YES_AGGRESSIVE;
				CLANG_CXX_LANGUAGE_STANDARD = "gnu++20";
				CLANG_ENABLE_MODULES = YES;
				CLANG_ENABLE_OBJC_ARC = YES;
				CLANG_ENABLE_OBJC_WEAK = YES;
				CLANG_WARN_BLOCK_CAPTURE_AUTORELEASING = YES;
				CLANG_WARN_BOOL_CONVERSION = YES;
				CLANG_WARN_COMMA = YES;
				CLANG_WARN_CONSTANT_CONVERSION = YES;
				CLANG_WARN_DEPRECATED_OBJC_IMPLEMENTATIONS = YES;
				CLANG_WARN_DIRECT_OBJC_ISA_USAGE = YES_ERROR;
				CLANG_WARN_DOCUMENTATION_COMMENTS = YES;
				CLANG_WARN_EMPTY_BODY = YES;
				CLANG_WARN_ENUM_CONVERSION = YES;
				CLANG_WARN_INFINITE_RECURSION = YES;
				CLANG_WARN_INT_CONVERSION = YES;
				CLANG_WARN_NON_LITERAL_NULL_CONVERSION = YES;
				CLANG_WARN_OBJC_IMPLICIT_RETAIN_SELF = YES;
				CLANG_WARN_OBJC_LITERAL_CONVERSION = YES;
				CLANG_WARN_OBJC_ROOT_CLASS = YES_ERROR;
				CLANG_WARN_QUOTED_INCLUDE_IN_FRAMEWORK_HEADER = YES;
				CLANG_WARN_RANGE_LOOP_ANALYSIS = YES;
				CLANG_WARN_STRICT_PROTOTYPES = YES;
				CLANG_WARN_SUSPICIOUS_MOVE = YES;
				CLANG_WARN_UNGUARDED_AVAILABILITY = YES_AGGRESSIVE;
				CLANG_WARN_UNREACHABLE_CODE = YES;
				CLANG_WARN__DUPLICATE_METHOD_MATCH = YES;
				COPY_PHASE_STRIP = NO;
				DEBUG_INFORMATION_FORMAT = dwarf;
				ENABLE_STRICT_OBJC_MSGSEND = YES;
				ENABLE_TESTABILITY = YES;
				ENABLE_USER_SCRIPT_SANDBOXING = YES;
				GCC_C_LANGUAGE_STANDARD = gnu17;
				GCC_DYNAMIC_NO_PIC = NO;
				GCC_NO_COMMON_BLOCKS = YES;
				GCC_OPTIMIZATION_LEVEL = 0;
				GCC_PREPROCESSOR_DEFINITIONS = (
					"DEBUG=1",
					"$(inherited)",
				);
				GCC_WARN_64_TO_32_BIT_CONVERSION = YES;
				GCC_WARN_ABOUT_RETURN_TYPE = YES_ERROR;
				GCC_WARN_UNDECLARED_SELECTOR = YES;
				GCC_WARN_UNINITIALIZED_AUTOS = YES_AGGRESSIVE;
				GCC_WARN_UNUSED_FUNCTION = YES;
				GCC_WARN_UNUSED_VARIABLE = YES;
				IPHONEOS_DEPLOYMENT_TARGET = 17.0;
				LOCALIZATION_PREFERS_STRING_CATALOGS = YES;
				MTL_ENABLE_DEBUG_INFO = INCLUDE_SOURCE;
				MTL_FAST_MATH = YES;
				ONLY_ACTIVE_ARCH = YES;
				SDKROOT = iphoneos;
				SWIFT_ACTIVE_COMPILATION_CONDITIONS = "DEBUG $(inherited)";
				SWIFT_OPTIMIZATION_LEVEL = "-Onone";
			};
			name = Debug;
		};
		1D92FB0E2C8E4B5F00F7EF96 /* Release */ = {
			isa = XCBuildConfiguration;
			buildSettings = {
				ALWAYS_SEARCH_USER_PATHS = NO;
				ASSETCATALOG_COMPILER_GENERATE_SWIFT_ASSET_SYMBOL_EXTENSIONS = YES;
				CLANG_ANALYZER_NONNULL = YES;
				CLANG_ANALYZER_NUMBER_OBJECT_CONVERSION = YES_AGGRESSIVE;
				CLANG_CXX_LANGUAGE_STANDARD = "gnu++20";
				CLANG_ENABLE_MODULES = YES;
				CLANG_ENABLE_OBJC_ARC = YES;
				CLANG_ENABLE_OBJC_WEAK = YES;
				CLANG_WARN_BLOCK_CAPTURE_AUTORELEASING = YES;
				CLANG_WARN_BOOL_CONVERSION = YES;
				CLANG_WARN_COMMA = YES;
				CLANG_WARN_CONSTANT_CONVERSION = YES;
				CLANG_WARN_DEPRECATED_OBJC_IMPLEMENTATIONS = YES;
				CLANG_WARN_DIRECT_OBJC_ISA_USAGE = YES_ERROR;
				CLANG_WARN_DOCUMENTATION_COMMENTS = YES;
				CLANG_WARN_EMPTY_BODY = YES;
				CLANG_WARN_ENUM_CONVERSION = YES;
				CLANG_WARN_INFINITE_RECURSION = YES;
				CLANG_WARN_INT_CONVERSION = YES;
				CLANG_WARN_NON_LITERAL_NULL_CONVERSION = YES;
				CLANG_WARN_OBJC_IMPLICIT_RETAIN_SELF = YES;
				CLANG_WARN_OBJC_LITERAL_CONVERSION = YES;
				CLANG_WARN_OBJC_ROOT_CLASS = YES_ERROR;
				CLANG_WARN_QUOTED_INCLUDE_IN_FRAMEWORK_HEADER = YES;
				CLANG_WARN_RANGE_LOOP_ANALYSIS = YES;
				CLANG_WARN_STRICT_PROTOTYPES = YES;
				CLANG_WARN_SUSPICIOUS_MOVE = YES;
				CLANG_WARN_UNGUARDED_AVAILABILITY = YES_AGGRESSIVE;
				CLANG_WARN_UNREACHABLE_CODE = YES;
				CLANG_WARN__DUPLICATE_METHOD_MATCH = YES;
				COPY_PHASE_STRIP = NO;
				DEBUG_INFORMATION_FORMAT = "dwarf-with-dsym";
				ENABLE_NS_ASSERTIONS = NO;
				ENABLE_STRICT_OBJC_MSGSEND = YES;
				ENABLE_USER_SCRIPT_SANDBOXING = YES;
				GCC_C_LANGUAGE_STANDARD = gnu17;
				GCC_NO_COMMON_BLOCKS = YES;
				GCC_WARN_64_TO_32_BIT_CONVERSION = YES;
				GCC_WARN_ABOUT_RETURN_TYPE = YES_ERROR;
				GCC_WARN_UNDECLARED_SELECTOR = YES;
				GCC_WARN_UNINITIALIZED_AUTOS = YES_AGGRESSIVE;
				GCC_WARN_UNUSED_FUNCTION = YES;
				GCC_WARN_UNUSED_VARIABLE = YES;
				IPHONEOS_DEPLOYMENT_TARGET = 17.0;
				LOCALIZATION_PREFERS_STRING_CATALOGS = YES;
				MTL_ENABLE_DEBUG_INFO = NO;
				MTL_FAST_MATH = YES;
				SDKROOT = iphoneos;
				SWIFT_COMPILATION_MODE = wholemodule;
				VALIDATE_PRODUCT = YES;
			};
			name = Release;
		};
		1D92FB102C8E4B5F00F7EF96 /* Debug */ = {
			isa = XCBuildConfiguration;
			buildSettings = {
				ASSETCATALOG_COMPILER_APPICON_NAME = AppIcon;
				ASSETCATALOG_COMPILER_GLOBAL_ACCENT_COLOR_NAME = AccentColor;
				CODE_SIGN_STYLE = Automatic;
				CURRENT_PROJECT_VERSION = 1;
				DEVELOPMENT_ASSET_PATHS = "\"TinnitusRelief/Preview Content\"";
				DEVELOPMENT_TEAM = DK77QDUKRT;
				ENABLE_PREVIEWS = YES;
				GENERATE_INFOPLIST_FILE = YES;
				INFOPLIST_FILE = TinnitusRelief/Info.plist;
				INFOPLIST_KEY_NSMicrophoneUsageDescription = "This app uses the microphone to help match your tinnitus frequency for personalized sound therapy.";
				INFOPLIST_KEY_UIApplicationSceneManifest_Generation = YES;
				INFOPLIST_KEY_UIApplicationSupportsIndirectInputEvents = YES;
				INFOPLIST_KEY_UILaunchScreen_Generation = YES;
				INFOPLIST_KEY_UISupportedInterfaceOrientations_iPad = "UIInterfaceOrientationPortrait UIInterfaceOrientationPortraitUpsideDown UIInterfaceOrientationLandscapeLeft UIInterfaceOrientationLandscapeRight";
				INFOPLIST_KEY_UISupportedInterfaceOrientations_iPhone = "UIInterfaceOrientationPortrait UIInterfaceOrientationLandscapeLeft UIInterfaceOrientationLandscapeRight";
				IPHONEOS_DEPLOYMENT_TARGET = 17.0;
				LD_RUNPATH_SEARCH_PATHS = (
					"$(inherited)",
					"@executable_path/Frameworks",
				);
				MARKETING_VERSION = 1.0;
				PRODUCT_BUNDLE_IDENTIFIER = com.tinnitusrelief.app;
				PRODUCT_NAME = "$(TARGET_NAME)";
				SWIFT_EMIT_LOC_STRINGS = YES;
				SWIFT_VERSION = 5.0;
				TARGETED_DEVICE_FAMILY = "1";
			};
			name = Debug;
		};
		1D92FB112C8E4B5F00F7EF96 /* Release */ = {
			isa = XCBuildConfiguration;
			buildSettings = {
				ASSETCATALOG_COMPILER_APPICON_NAME = AppIcon;
				ASSETCATALOG_COMPILER_GLOBAL_ACCENT_COLOR_NAME = AccentColor;
				CODE_SIGN_STYLE = Automatic;
				CURRENT_PROJECT_VERSION = 1;
				DEVELOPMENT_ASSET_PATHS = "\"TinnitusRelief/Preview Content\"";
				DEVELOPMENT_TEAM = DK77QDUKRT;
				ENABLE_PREVIEWS = YES;
				GENERATE_INFOPLIST_FILE = YES;
				INFOPLIST_FILE = TinnitusRelief/Info.plist;
				INFOPLIST_KEY_NSMicrophoneUsageDescription = "This app uses the microphone to help match your tinnitus frequency for personalized sound therapy.";
				INFOPLIST_KEY_UIApplicationSceneManifest_Generation = YES;
				INFOPLIST_KEY_UIApplicationSupportsIndirectInputEvents = YES;
				INFOPLIST_KEY_UILaunchScreen_Generation = YES;
				INFOPLIST_KEY_UISupportedInterfaceOrientations_iPad = "UIInterfaceOrientationPortrait UIInterfaceOrientationPortraitUpsideDown UIInterfaceOrientationLandscapeLeft UIInterfaceOrientationLandscapeRight";
				INFOPLIST_KEY_UISupportedInterfaceOrientations_iPhone = "UIInterfaceOrientationPortrait UIInterfaceOrientationLandscapeLeft UIInterfaceOrientationLandscapeRight";
				IPHONEOS_DEPLOYMENT_TARGET = 17.0;
				LD_RUNPATH_SEARCH_PATHS = (
					"$(inherited)",
					"@executable_path/Frameworks",
				);
				MARKETING_VERSION = 1.0;
				PRODUCT_BUNDLE_IDENTIFIER = com.tinnitusrelief.app;
				PRODUCT_NAME = "$(TARGET_NAME)";
				SWIFT_EMIT_LOC_STRINGS = YES;
				SWIFT_VERSION = 5.0;
				TARGETED_DEVICE_FAMILY = "1";
			};
			name = Release;
		};
/* End XCBuildConfiguration section */

/* Begin XCConfigurationList section */
		1D92FAF72C8E4B5E00F7EF96 /* Build configuration list for PBXProject "TinnitusRelief" */ = {
			isa = XCConfigurationList;
			buildConfigurations = (
				1D92FB0D2C8E4B5F00F7EF96 /* Debug */,
				1D92FB0E2C8E4B5F00F7EF96 /* Release */,
			);
			defaultConfigurationIsVisible = 0;
			defaultConfigurationName = Release;
		};
		1D92FB0F2C8E4B5F00F7EF96 /* Build configuration list for PBXNativeTarget "TinnitusRelief" */ = {
			isa = XCConfigurationList;
			buildConfigurations = (
				1D92FB102C8E4B5F00F7EF96 /* Debug */,
				1D92FB112C8E4B5F00F7EF96 /* Release */,
			);
			defaultConfigurationIsVisible = 0;
			defaultConfigurationName = Release;
		};
/* End XCConfigurationList section */

/* Begin XCVersionGroup section */
		1D92FB0A2C8E4B5F00F7EF96 /* TinnitusRelief.xcdatamodeld */ = {
			isa = XCVersionGroup;
			children = (
				1D92FB0B2C8E4B5F00F7EF96 /* TinnitusRelief.xcdatamodel */,
			);
			currentVersion = 1D92FB0B2C8E4B5F00F7EF96 /* TinnitusRelief.xcdatamodel */;
			path = TinnitusRelief.xcdatamodeld;
			sourceTree = "<group>";
			versionGroupType = wrapper.xcdatamodel;
		};
/* End XCVersionGroup section */
	};
	rootObject = 1D92FAF42C8E4B5E00F7EF96 /* Project object */;
}
